
Microsoft Visual Studio Solution File, Format Version 12.00
# Visual Studio Version 17
VisualStudioVersion = 17.14.36221.1 d17.14
MinimumVisualStudioVersion = 10.0.40219.1
Project("{FAE04EC0-301F-11D3-BF4B-00C04F79EFBC}") = "3.2.4", "3.2.4.csproj", "{F0BF9E90-6F56-486B-A867-E5EFDB0FD60C}"
EndProject
Global
	GlobalSection(SolutionConfigurationPlatforms) = preSolution
		Debug|Any CPU = Debug|Any CPU
		Release|Any CPU = Release|Any CPU
	EndGlobalSection
	GlobalSection(ProjectConfigurationPlatforms) = postSolution
		{F0BF9E90-6F56-486B-A867-E5EFDB0FD60C}.Debug|Any CPU.ActiveCfg = Debug|Any CPU
		{F0BF9E90-6F56-486B-A867-E5EFDB0FD60C}.Debug|Any CPU.Build.0 = Debug|Any CPU
		{F0BF9E90-6F56-486B-A867-E5EFDB0FD60C}.Release|Any CPU.ActiveCfg = Release|Any CPU
		{F0BF9E90-6F56-486B-A867-E5EFDB0FD60C}.Release|Any CPU.Build.0 = Release|Any CPU
	EndGlobalSection
	GlobalSection(SolutionProperties) = preSolution
		HideSolutionNode = FALSE
	EndGlobalSection
	GlobalSection(ExtensibilityGlobals) = postSolution
		SolutionGuid = {85354BED-6C4C-4B1F-AC81-D6F4AF6755CF}
	EndGlobalSection
EndGlobal
