
Microsoft Visual Studio Solution File, Format Version 12.00
# Visual Studio Version 17
VisualStudioVersion = 17.14.36221.1 d17.14
MinimumVisualStudioVersion = 10.0.40219.1
Project("{FAE04EC0-301F-11D3-BF4B-00C04F79EFBC}") = "SimpleCalculator", "SimpleCalculator.csproj", "{E767E1E0-4FEE-42A5-8BDB-A1B5F0BEEFB0}"
EndProject
Global
	GlobalSection(SolutionConfigurationPlatforms) = preSolution
		Debug|Any CPU = Debug|Any CPU
		Release|Any CPU = Release|Any CPU
	EndGlobalSection
	GlobalSection(ProjectConfigurationPlatforms) = postSolution
		{E767E1E0-4FEE-42A5-8BDB-A1B5F0BEEFB0}.Debug|Any CPU.ActiveCfg = Debug|Any CPU
		{E767E1E0-4FEE-42A5-8BDB-A1B5F0BEEFB0}.Debug|Any CPU.Build.0 = Debug|Any CPU
		{E767E1E0-4FEE-42A5-8BDB-A1B5F0BEEFB0}.Release|Any CPU.ActiveCfg = Release|Any CPU
		{E767E1E0-4FEE-42A5-8BDB-A1B5F0BEEFB0}.Release|Any CPU.Build.0 = Release|Any CPU
	EndGlobalSection
	GlobalSection(SolutionProperties) = preSolution
		HideSolutionNode = FALSE
	EndGlobalSection
	GlobalSection(ExtensibilityGlobals) = postSolution
		SolutionGuid = {4D31EC0A-7D4B-4CCE-9C03-798B373D669B}
	EndGlobalSection
EndGlobal
