
Microsoft Visual Studio Solution File, Format Version 12.00
# Visual Studio Version 17
VisualStudioVersion = 17.14.36221.1 d17.14
MinimumVisualStudioVersion = 10.0.40219.1
Project("{FAE04EC0-301F-11D3-BF4B-00C04F79EFBC}") = "WinFormsApp1", "WinFormsApp1.csproj", "{368BA36A-91C9-4A3F-8D69-9498A0415F9E}"
EndProject
Global
	GlobalSection(SolutionConfigurationPlatforms) = preSolution
		Debug|Any CPU = Debug|Any CPU
		Release|Any CPU = Release|Any CPU
	EndGlobalSection
	GlobalSection(ProjectConfigurationPlatforms) = postSolution
		{368BA36A-91C9-4A3F-8D69-9498A0415F9E}.Debug|Any CPU.ActiveCfg = Debug|Any CPU
		{368BA36A-91C9-4A3F-8D69-9498A0415F9E}.Debug|Any CPU.Build.0 = Debug|Any CPU
		{368BA36A-91C9-4A3F-8D69-9498A0415F9E}.Release|Any CPU.ActiveCfg = Release|Any CPU
		{368BA36A-91C9-4A3F-8D69-9498A0415F9E}.Release|Any CPU.Build.0 = Release|Any CPU
	EndGlobalSection
	GlobalSection(SolutionProperties) = preSolution
		HideSolutionNode = FALSE
	EndGlobalSection
	GlobalSection(ExtensibilityGlobals) = postSolution
		SolutionGuid = {A2DE713A-B320-425C-BF77-BA6AAEE1D4C8}
	EndGlobalSection
EndGlobal
