
Microsoft Visual Studio Solution File, Format Version 12.00
# Visual Studio Version 17
VisualStudioVersion = 17.14.36221.1 d17.14
MinimumVisualStudioVersion = 10.0.40219.1
Project("{FAE04EC0-301F-11D3-BF4B-00C04F79EFBC}") = "2.4.1", "2.4.1.csproj", "{A6D9F452-0EF7-4D3E-A557-97502F16C125}"
EndProject
Global
	GlobalSection(SolutionConfigurationPlatforms) = preSolution
		Debug|Any CPU = Debug|Any CPU
		Release|Any CPU = Release|Any CPU
	EndGlobalSection
	GlobalSection(ProjectConfigurationPlatforms) = postSolution
		{A6D9F452-0EF7-4D3E-A557-97502F16C125}.Debug|Any CPU.ActiveCfg = Debug|Any CPU
		{A6D9F452-0EF7-4D3E-A557-97502F16C125}.Debug|Any CPU.Build.0 = Debug|Any CPU
		{A6D9F452-0EF7-4D3E-A557-97502F16C125}.Release|Any CPU.ActiveCfg = Release|Any CPU
		{A6D9F452-0EF7-4D3E-A557-97502F16C125}.Release|Any CPU.Build.0 = Release|Any CPU
	EndGlobalSection
	GlobalSection(SolutionProperties) = preSolution
		HideSolutionNode = FALSE
	EndGlobalSection
	GlobalSection(ExtensibilityGlobals) = postSolution
		SolutionGuid = {A1338273-C3AC-4037-8047-ABE435A985BC}
	EndGlobalSection
EndGlobal
