
Microsoft Visual Studio Solution File, Format Version 12.00
# Visual Studio Version 17
VisualStudioVersion = 17.14.36221.1 d17.14
MinimumVisualStudioVersion = 10.0.40219.1
Project("{FAE04EC0-301F-11D3-BF4B-00C04F79EFBC}") = "5.2.1", "5.2.1.csproj", "{D67C1CA3-A623-4DF3-B7B9-4F565A0B35DE}"
EndProject
Global
	GlobalSection(SolutionConfigurationPlatforms) = preSolution
		Debug|Any CPU = Debug|Any CPU
		Release|Any CPU = Release|Any CPU
	EndGlobalSection
	GlobalSection(ProjectConfigurationPlatforms) = postSolution
		{D67C1CA3-A623-4DF3-B7B9-4F565A0B35DE}.Debug|Any CPU.ActiveCfg = Debug|Any CPU
		{D67C1CA3-A623-4DF3-B7B9-4F565A0B35DE}.Debug|Any CPU.Build.0 = Debug|Any CPU
		{D67C1CA3-A623-4DF3-B7B9-4F565A0B35DE}.Release|Any CPU.ActiveCfg = Release|Any CPU
		{D67C1CA3-A623-4DF3-B7B9-4F565A0B35DE}.Release|Any CPU.Build.0 = Release|Any CPU
	EndGlobalSection
	GlobalSection(SolutionProperties) = preSolution
		HideSolutionNode = FALSE
	EndGlobalSection
	GlobalSection(ExtensibilityGlobals) = postSolution
		SolutionGuid = {7167AA92-3F13-45D2-8C63-9CF6AA34A43B}
	EndGlobalSection
EndGlobal
