
Microsoft Visual Studio Solution File, Format Version 12.00
# Visual Studio Version 17
VisualStudioVersion = 17.14.36221.1 d17.14
MinimumVisualStudioVersion = 10.0.40219.1
Project("{FAE04EC0-301F-11D3-BF4B-00C04F79EFBC}") = "1.2.1", "1.2.1.csproj", "{86705D4A-47EE-4E9E-8DE4-76CC73E5DDFA}"
EndProject
Global
	GlobalSection(SolutionConfigurationPlatforms) = preSolution
		Debug|Any CPU = Debug|Any CPU
		Release|Any CPU = Release|Any CPU
	EndGlobalSection
	GlobalSection(ProjectConfigurationPlatforms) = postSolution
		{86705D4A-47EE-4E9E-8DE4-76CC73E5DDFA}.Debug|Any CPU.ActiveCfg = Debug|Any CPU
		{86705D4A-47EE-4E9E-8DE4-76CC73E5DDFA}.Debug|Any CPU.Build.0 = Debug|Any CPU
		{86705D4A-47EE-4E9E-8DE4-76CC73E5DDFA}.Release|Any CPU.ActiveCfg = Release|Any CPU
		{86705D4A-47EE-4E9E-8DE4-76CC73E5DDFA}.Release|Any CPU.Build.0 = Release|Any CPU
	EndGlobalSection
	GlobalSection(SolutionProperties) = preSolution
		HideSolutionNode = FALSE
	EndGlobalSection
	GlobalSection(ExtensibilityGlobals) = postSolution
		SolutionGuid = {490B43DB-85C8-4A96-8703-511F05047674}
	EndGlobalSection
EndGlobal
