
Microsoft Visual Studio Solution File, Format Version 12.00
# Visual Studio Version 17
VisualStudioVersion = 17.14.36408.4 d17.14
MinimumVisualStudioVersion = 10.0.40219.1
Project("{FAE04EC0-301F-11D3-BF4B-00C04F79EFBC}") = "6.3", "6.3.csproj", "{679CE880-0FF3-4BE4-B36C-8EA4A0454D5F}"
EndProject
Global
	GlobalSection(SolutionConfigurationPlatforms) = preSolution
		Debug|Any CPU = Debug|Any CPU
		Release|Any CPU = Release|Any CPU
	EndGlobalSection
	GlobalSection(ProjectConfigurationPlatforms) = postSolution
		{679CE880-0FF3-4BE4-B36C-8EA4A0454D5F}.Debug|Any CPU.ActiveCfg = Debug|Any CPU
		{679CE880-0FF3-4BE4-B36C-8EA4A0454D5F}.Debug|Any CPU.Build.0 = Debug|Any CPU
		{679CE880-0FF3-4BE4-B36C-8EA4A0454D5F}.Release|Any CPU.ActiveCfg = Release|Any CPU
		{679CE880-0FF3-4BE4-B36C-8EA4A0454D5F}.Release|Any CPU.Build.0 = Release|Any CPU
	EndGlobalSection
	GlobalSection(SolutionProperties) = preSolution
		HideSolutionNode = FALSE
	EndGlobalSection
	GlobalSection(ExtensibilityGlobals) = postSolution
		SolutionGuid = {A19452B1-3561-4947-8EDA-5B204DC2054D}
	EndGlobalSection
EndGlobal
