
Microsoft Visual Studio Solution File, Format Version 12.00
# Visual Studio Version 17
VisualStudioVersion = 17.14.36221.1 d17.14
MinimumVisualStudioVersion = 10.0.40219.1
Project("{FAE04EC0-301F-11D3-BF4B-00C04F79EFBC}") = "TargetAddition", "TargetAddition.csproj", "{ACBCBA31-65F4-40D3-8A52-9A65B3B83FBA}"
EndProject
Global
	GlobalSection(SolutionConfigurationPlatforms) = preSolution
		Debug|Any CPU = Debug|Any CPU
		Release|Any CPU = Release|Any CPU
	EndGlobalSection
	GlobalSection(ProjectConfigurationPlatforms) = postSolution
		{ACBCBA31-65F4-40D3-8A52-9A65B3B83FBA}.Debug|Any CPU.ActiveCfg = Debug|Any CPU
		{ACBCBA31-65F4-40D3-8A52-9A65B3B83FBA}.Debug|Any CPU.Build.0 = Debug|Any CPU
		{ACBCBA31-65F4-40D3-8A52-9A65B3B83FBA}.Release|Any CPU.ActiveCfg = Release|Any CPU
		{ACBCBA31-65F4-40D3-8A52-9A65B3B83FBA}.Release|Any CPU.Build.0 = Release|Any CPU
	EndGlobalSection
	GlobalSection(SolutionProperties) = preSolution
		HideSolutionNode = FALSE
	EndGlobalSection
	GlobalSection(ExtensibilityGlobals) = postSolution
		SolutionGuid = {470FE519-E4A3-4719-8BFB-D958ABD132AE}
	EndGlobalSection
EndGlobal
