
Microsoft Visual Studio Solution File, Format Version 12.00
# Visual Studio Version 17
VisualStudioVersion = 17.14.36221.1 d17.14
MinimumVisualStudioVersion = 10.0.40219.1
Project("{FAE04EC0-301F-11D3-BF4B-00C04F79EFBC}") = "6.1.2", "6.1.2.csproj", "{9C6C31AC-74B1-49F1-BCFF-0ACC79F7C115}"
EndProject
Global
	GlobalSection(SolutionConfigurationPlatforms) = preSolution
		Debug|Any CPU = Debug|Any CPU
		Release|Any CPU = Release|Any CPU
	EndGlobalSection
	GlobalSection(ProjectConfigurationPlatforms) = postSolution
		{9C6C31AC-74B1-49F1-BCFF-0ACC79F7C115}.Debug|Any CPU.ActiveCfg = Debug|Any CPU
		{9C6C31AC-74B1-49F1-BCFF-0ACC79F7C115}.Debug|Any CPU.Build.0 = Debug|Any CPU
		{9C6C31AC-74B1-49F1-BCFF-0ACC79F7C115}.Release|Any CPU.ActiveCfg = Release|Any CPU
		{9C6C31AC-74B1-49F1-BCFF-0ACC79F7C115}.Release|Any CPU.Build.0 = Release|Any CPU
	EndGlobalSection
	GlobalSection(SolutionProperties) = preSolution
		HideSolutionNode = FALSE
	EndGlobalSection
	GlobalSection(ExtensibilityGlobals) = postSolution
		SolutionGuid = {652D126A-CB71-42D5-A60D-7977C5938B1A}
	EndGlobalSection
EndGlobal
