
Microsoft Visual Studio Solution File, Format Version 12.00
# Visual Studio Version 17
VisualStudioVersion = 17.14.36221.1 d17.14
MinimumVisualStudioVersion = 10.0.40219.1
Project("{FAE04EC0-301F-11D3-BF4B-00C04F79EFBC}") = "6.1.3", "6.1.3.csproj", "{B7185DB7-A512-46B6-8F4D-4AC3FE5B786C}"
EndProject
Global
	GlobalSection(SolutionConfigurationPlatforms) = preSolution
		Debug|Any CPU = Debug|Any CPU
		Release|Any CPU = Release|Any CPU
	EndGlobalSection
	GlobalSection(ProjectConfigurationPlatforms) = postSolution
		{B7185DB7-A512-46B6-8F4D-4AC3FE5B786C}.Debug|Any CPU.ActiveCfg = Debug|Any CPU
		{B7185DB7-A512-46B6-8F4D-4AC3FE5B786C}.Debug|Any CPU.Build.0 = Debug|Any CPU
		{B7185DB7-A512-46B6-8F4D-4AC3FE5B786C}.Release|Any CPU.ActiveCfg = Release|Any CPU
		{B7185DB7-A512-46B6-8F4D-4AC3FE5B786C}.Release|Any CPU.Build.0 = Release|Any CPU
	EndGlobalSection
	GlobalSection(SolutionProperties) = preSolution
		HideSolutionNode = FALSE
	EndGlobalSection
	GlobalSection(ExtensibilityGlobals) = postSolution
		SolutionGuid = {03D4BF0C-13E2-4FB6-935F-D228FE6CE3F9}
	EndGlobalSection
EndGlobal
