
Microsoft Visual Studio Solution File, Format Version 12.00
# Visual Studio Version 17
VisualStudioVersion = 17.14.36221.1 d17.14
MinimumVisualStudioVersion = 10.0.40219.1
Project("{FAE04EC0-301F-11D3-BF4B-00C04F79EFBC}") = "3.2.3", "3.2.3.csproj", "{8BFDA106-E20F-40AC-9815-93D38AFB905C}"
EndProject
Global
	GlobalSection(SolutionConfigurationPlatforms) = preSolution
		Debug|Any CPU = Debug|Any CPU
		Release|Any CPU = Release|Any CPU
	EndGlobalSection
	GlobalSection(ProjectConfigurationPlatforms) = postSolution
		{8BFDA106-E20F-40AC-9815-93D38AFB905C}.Debug|Any CPU.ActiveCfg = Debug|Any CPU
		{8BFDA106-E20F-40AC-9815-93D38AFB905C}.Debug|Any CPU.Build.0 = Debug|Any CPU
		{8BFDA106-E20F-40AC-9815-93D38AFB905C}.Release|Any CPU.ActiveCfg = Release|Any CPU
		{8BFDA106-E20F-40AC-9815-93D38AFB905C}.Release|Any CPU.Build.0 = Release|Any CPU
	EndGlobalSection
	GlobalSection(SolutionProperties) = preSolution
		HideSolutionNode = FALSE
	EndGlobalSection
	GlobalSection(ExtensibilityGlobals) = postSolution
		SolutionGuid = {F009B7AC-1A5D-4EA2-93E1-D3CD693BA526}
	EndGlobalSection
EndGlobal
